
Microsoft Visual Studio Solution File, Format Version 12.00
# Visual Studio Version 17
VisualStudioVersion = 17.4.33103.184
MinimumVisualStudioVersion = 10.0.40219.1
Project("{9A19103F-16F7-4668-BE54-9A1E7A4F7556}") = "NLog.ClickHouse", "NLog.ClickHouse\NLog.ClickHouse.csproj", "{08A21118-9434-44E1-A941-ED2867F66380}"
EndProject
Project("{FAE04EC0-301F-11D3-BF4B-00C04F79EFBC}") = "NLog.ClickHouse.Example", "NLog.ClickHouse.Example\NLog.ClickHouse.Example.csproj", "{5E23F5D5-37A8-4F6C-9239-CC85B6FAB5F2}"
EndProject
Global
	GlobalSection(SolutionConfigurationPlatforms) = preSolution
		Debug|Any CPU = Debug|Any CPU
		Release|Any CPU = Release|Any CPU
	EndGlobalSection
	GlobalSection(ProjectConfigurationPlatforms) = postSolution
		{08A21118-9434-44E1-A941-ED2867F66380}.Debug|Any CPU.ActiveCfg = Debug|Any CPU
		{08A21118-9434-44E1-A941-ED2867F66380}.Debug|Any CPU.Build.0 = Debug|Any CPU
		{08A21118-9434-44E1-A941-ED2867F66380}.Release|Any CPU.ActiveCfg = Release|Any CPU
		{08A21118-9434-44E1-A941-ED2867F66380}.Release|Any CPU.Build.0 = Release|Any CPU
		{5E23F5D5-37A8-4F6C-9239-CC85B6FAB5F2}.Debug|Any CPU.ActiveCfg = Debug|Any CPU
		{5E23F5D5-37A8-4F6C-9239-CC85B6FAB5F2}.Debug|Any CPU.Build.0 = Debug|Any CPU
		{5E23F5D5-37A8-4F6C-9239-CC85B6FAB5F2}.Release|Any CPU.ActiveCfg = Release|Any CPU
		{5E23F5D5-37A8-4F6C-9239-CC85B6FAB5F2}.Release|Any CPU.Build.0 = Release|Any CPU
	EndGlobalSection
	GlobalSection(SolutionProperties) = preSolution
		HideSolutionNode = FALSE
	EndGlobalSection
	GlobalSection(ExtensibilityGlobals) = postSolution
		SolutionGuid = {50BA729F-4A04-49B7-A5C8-30B4912019D9}
	EndGlobalSection
EndGlobal
